
Microsoft Visual Studio Solution File, Format Version 12.00
# Visual Studio Version 17
VisualStudioVersion = 17.9.34728.123
MinimumVisualStudioVersion = 10.0.40219.1
Project("{8BC9CEB8-8B4A-11D0-8D11-00A0C91BC942}") = "Prototype - C++", "Prototype - C++\Prototype - C++.vcxproj", "{ABF5B46D-35F4-4A81-9675-8622809AAAA3}"
EndProject
Global
	GlobalSection(SolutionConfigurationPlatforms) = preSolution
		Debug|x64 = Debug|x64
		Debug|x86 = Debug|x86
		Release|x64 = Release|x64
		Release|x86 = Release|x86
	EndGlobalSection
	GlobalSection(ProjectConfigurationPlatforms) = postSolution
		{ABF5B46D-35F4-4A81-9675-8622809AAAA3}.Debug|x64.ActiveCfg = Debug|x64
		{ABF5B46D-35F4-4A81-9675-8622809AAAA3}.Debug|x64.Build.0 = Debug|x64
		{ABF5B46D-35F4-4A81-9675-8622809AAAA3}.Debug|x86.ActiveCfg = Debug|Win32
		{ABF5B46D-35F4-4A81-9675-8622809AAAA3}.Debug|x86.Build.0 = Debug|Win32
		{ABF5B46D-35F4-4A81-9675-8622809AAAA3}.Release|x64.ActiveCfg = Release|x64
		{ABF5B46D-35F4-4A81-9675-8622809AAAA3}.Release|x64.Build.0 = Release|x64
		{ABF5B46D-35F4-4A81-9675-8622809AAAA3}.Release|x86.ActiveCfg = Release|Win32
		{ABF5B46D-35F4-4A81-9675-8622809AAAA3}.Release|x86.Build.0 = Release|Win32
	EndGlobalSection
	GlobalSection(SolutionProperties) = preSolution
		HideSolutionNode = FALSE
	EndGlobalSection
	GlobalSection(ExtensibilityGlobals) = postSolution
		SolutionGuid = {E3C1B1A8-8460-4238-9811-1999F7C2DA1C}
	EndGlobalSection
EndGlobal
